
Microsoft Visual Studio Solution File, Format Version 12.00
# Visual Studio Version 16
VisualStudioVersion = 16.0.31702.278
MinimumVisualStudioVersion = 10.0.40219.1
Project("{FAE04EC0-301F-11D3-BF4B-00C04F79EFBC}") = "ReactApp", "ReactApp\ReactApp.csproj", "{01486DA7-0CE7-4C6C-AFF8-638DBED8E0EC}"
EndProject
Global
	GlobalSection(SolutionConfigurationPlatforms) = preSolution
		Debug|Any CPU = Debug|Any CPU
		Release|Any CPU = Release|Any CPU
	EndGlobalSection
	GlobalSection(ProjectConfigurationPlatforms) = postSolution
		{01486DA7-0CE7-4C6C-AFF8-638DBED8E0EC}.Debug|Any CPU.ActiveCfg = Debug|Any CPU
		{01486DA7-0CE7-4C6C-AFF8-638DBED8E0EC}.Debug|Any CPU.Build.0 = Debug|Any CPU
		{01486DA7-0CE7-4C6C-AFF8-638DBED8E0EC}.Release|Any CPU.ActiveCfg = Release|Any CPU
		{01486DA7-0CE7-4C6C-AFF8-638DBED8E0EC}.Release|Any CPU.Build.0 = Release|Any CPU
	EndGlobalSection
	GlobalSection(SolutionProperties) = preSolution
		HideSolutionNode = FALSE
	EndGlobalSection
	GlobalSection(ExtensibilityGlobals) = postSolution
		SolutionGuid = {55D448A9-F794-478A-9F77-67C272CFD1E6}
	EndGlobalSection
EndGlobal
